{"filter":false,"title":"Gemfile.lock","tooltip":"/alfort-practice/Gemfile.lock","undoManager":{"mark":-1,"position":-1,"stack":[]},"ace":{"folds":[],"scrolltop":2880,"scrollleft":0,"selection":{"start":{"row":0,"column":0},"end":{"row":0,"column":0},"isBackwards":false},"options":{"guessTabSize":true,"useWrapMode":false,"wrapToView":true},"firstLineState":{"row":49,"state":"start","mode":"ace/mode/text"}},"timestamp":1555308612862,"hash":"17e425c3f183bc4eca86ab2a9ae38ad41496eb35"}